
Microsoft Visual Studio Solution File, Format Version 12.00
# Visual Studio Version 17
VisualStudioVersion = 17.4.33122.133
MinimumVisualStudioVersion = 10.0.40219.1
Project("{FAE04EC0-301F-11D3-BF4B-00C04F79EFBC}") = "AspLesson10.2", "AspLesson10.2\AspLesson10.2.csproj", "{0530166F-A6D8-4454-A6FD-9D07F42B4335}"
EndProject
Global
	GlobalSection(SolutionConfigurationPlatforms) = preSolution
		Debug|Any CPU = Debug|Any CPU
		Release|Any CPU = Release|Any CPU
	EndGlobalSection
	GlobalSection(ProjectConfigurationPlatforms) = postSolution
		{0530166F-A6D8-4454-A6FD-9D07F42B4335}.Debug|Any CPU.ActiveCfg = Debug|Any CPU
		{0530166F-A6D8-4454-A6FD-9D07F42B4335}.Debug|Any CPU.Build.0 = Debug|Any CPU
		{0530166F-A6D8-4454-A6FD-9D07F42B4335}.Release|Any CPU.ActiveCfg = Release|Any CPU
		{0530166F-A6D8-4454-A6FD-9D07F42B4335}.Release|Any CPU.Build.0 = Release|Any CPU
	EndGlobalSection
	GlobalSection(SolutionProperties) = preSolution
		HideSolutionNode = FALSE
	EndGlobalSection
	GlobalSection(ExtensibilityGlobals) = postSolution
		SolutionGuid = {7CFB5116-EFE7-4753-B0CA-9F568778F80A}
	EndGlobalSection
EndGlobal
